// !$*UTF8*$!
{
	archiveVersion = 1;
	classes = {
	};
	objectVersion = 46;
	objects = {

/* Begin PBXBuildFile section */
		1E1FCD011480009C00CD8316 /* AddSwimmerViewController.m in Sources */ = {isa = PBXBuildFile; fileRef = 1E1FCCFF1480009C00CD8316 /* AddSwimmerViewController.m */; };
		1E1FCD021480009C00CD8316 /* AddSwimmerViewController.xib in Resources */ = {isa = PBXBuildFile; fileRef = 1E1FCD001480009C00CD8316 /* AddSwimmerViewController.xib */; };
		1E1FCD0F1487009500CD8316 /* CoreData.framework in Frameworks */ = {isa = PBXBuildFile; fileRef = 1E1FCD0E1487009400CD8316 /* CoreData.framework */; };
		1E1FCD121487010600CD8316 /* SimpleSwimModel.xcdatamodeld in Sources */ = {isa = PBXBuildFile; fileRef = 1E1FCD101487010600CD8316 /* SimpleSwimModel.xcdatamodeld */; };
		1E27E4B514CBB27A001D4F5F /* QuartzCore.framework in Frameworks */ = {isa = PBXBuildFile; fileRef = 1E27E4B414CBB27A001D4F5F /* QuartzCore.framework */; };
		1E27E4B814CC43F7001D4F5F /* DownloadTimesMI.m in Sources */ = {isa = PBXBuildFile; fileRef = 1E27E4B714CC43F7001D4F5F /* DownloadTimesMI.m */; };
		1E2DE6B2182C715800345A97 /* README.md in Resources */ = {isa = PBXBuildFile; fileRef = 1E2DE6B1182C715800345A97 /* README.md */; };
		1E3A6E5714E43B05007F1760 /* clock_24.png in Resources */ = {isa = PBXBuildFile; fileRef = 1E3A6E5614E43B05007F1760 /* clock_24.png */; };
		1E3A6E5D14E5C008007F1760 /* water-splash-ipad-wallpaper-50.png in Resources */ = {isa = PBXBuildFile; fileRef = 1E3A6E5C14E5C008007F1760 /* water-splash-ipad-wallpaper-50.png */; };
		1E3A6E5F14E5C109007F1760 /* water-splash-ipad-wallpaper-35.png in Resources */ = {isa = PBXBuildFile; fileRef = 1E3A6E5E14E5C109007F1760 /* water-splash-ipad-wallpaper-35.png */; };
		1E3A6E6214E5D119007F1760 /* SwimmerPickerController.m in Sources */ = {isa = PBXBuildFile; fileRef = 1E3A6E6114E5D118007F1760 /* SwimmerPickerController.m */; };
		1E3A6E6414E5F354007F1760 /* man_24.png in Resources */ = {isa = PBXBuildFile; fileRef = 1E3A6E6314E5F354007F1760 /* man_24.png */; };
		1E4C5A1E14FBF5C1003FA4B6 /* SVProgressHUD.bundle in Resources */ = {isa = PBXBuildFile; fileRef = 1E4C5A1B14FBF5C1003FA4B6 /* SVProgressHUD.bundle */; };
		1E4C5A1F14FBF5C1003FA4B6 /* SVProgressHUD.m in Sources */ = {isa = PBXBuildFile; fileRef = 1E4C5A1D14FBF5C1003FA4B6 /* SVProgressHUD.m */; };
		1E5714C0183EF69200899460 /* AddSwimmerResult.m in Sources */ = {isa = PBXBuildFile; fileRef = 1E5714BE183EF69200899460 /* AddSwimmerResult.m */; };
		1E5714C4183EF6F600899460 /* GetBirthdayViewController.xib in Resources */ = {isa = PBXBuildFile; fileRef = 1E5714C2183EF6F600899460 /* GetBirthdayViewController.xib */; };
		1E5714C5183EF6F600899460 /* GetBirthdayViewController.m in Sources */ = {isa = PBXBuildFile; fileRef = 1E5714C3183EF6F600899460 /* GetBirthdayViewController.m */; };
		1E6BF19F14D48802006D428C /* Storyboard_iPad.storyboard in Resources */ = {isa = PBXBuildFile; fileRef = 1E6BF19E14D48802006D428C /* Storyboard_iPad.storyboard */; };
		1E6BF1A214D49615006D428C /* Storyboard_iPhone.storyboard in Resources */ = {isa = PBXBuildFile; fileRef = 1E6BF1A114D49615006D428C /* Storyboard_iPhone.storyboard */; };
		1E6BF1A614D4EA22006D428C /* reload_v2.png in Resources */ = {isa = PBXBuildFile; fileRef = 1E6BF1A514D4EA22006D428C /* reload_v2.png */; };
		1E6BF1AA14D4EE8B006D428C /* reload_v2@2x.png in Resources */ = {isa = PBXBuildFile; fileRef = 1E6BF1A914D4EE8B006D428C /* reload_v2@2x.png */; };
		1E6BF1B814D629E9006D428C /* DetailSwimmerViewController.m in Sources */ = {isa = PBXBuildFile; fileRef = 1E6BF1B614D629E9006D428C /* DetailSwimmerViewController.m */; };
		1E6BF1C014D71E44006D428C /* UnderWater-Portrait.png in Resources */ = {isa = PBXBuildFile; fileRef = 1E6BF1BF14D71E44006D428C /* UnderWater-Portrait.png */; };
		1E6BF1C714D77D6C006D428C /* TopTimesViewController.m in Sources */ = {isa = PBXBuildFile; fileRef = 1E6BF1C514D77D6C006D428C /* TopTimesViewController.m */; };
		1E6BF1C814D77D6C006D428C /* TopTimesViewController.xib in Resources */ = {isa = PBXBuildFile; fileRef = 1E6BF1C614D77D6C006D428C /* TopTimesViewController.xib */; };
		1E6BF1CC14DA31DE006D428C /* EnterRaceResultController.m in Sources */ = {isa = PBXBuildFile; fileRef = 1E6BF1CA14DA31DD006D428C /* EnterRaceResultController.m */; };
		1E6BF1CD14DA31DE006D428C /* EnterRaceResultController.xib in Resources */ = {isa = PBXBuildFile; fileRef = 1E6BF1CB14DA31DD006D428C /* EnterRaceResultController.xib */; };
		1E6BF1D514DB8A9D006D428C /* plus_24.png in Resources */ = {isa = PBXBuildFile; fileRef = 1E6BF1D414DB8A9D006D428C /* plus_24.png */; };
		1E6BF1D714DB8BC1006D428C /* star_24.png in Resources */ = {isa = PBXBuildFile; fileRef = 1E6BF1D614DB8BC1006D428C /* star_24.png */; };
		1E6BF21E14DC2D76006D428C /* DetailSwimmerViewController.xib in Resources */ = {isa = PBXBuildFile; fileRef = 1E6BF21C14DC2D76006D428C /* DetailSwimmerViewController.xib */; };
		1E6BF27F14DC45BC006D428C /* UnderWater-Portrait-50.png in Resources */ = {isa = PBXBuildFile; fileRef = 1E6BF27E14DC45BC006D428C /* UnderWater-Portrait-50.png */; };
		1E6BF34514DD6F57006D428C /* calendar_24.png in Resources */ = {isa = PBXBuildFile; fileRef = 1E6BF34414DD6F57006D428C /* calendar_24.png */; };
		1E6BF34914DD70AB006D428C /* AllTimesViewController.m in Sources */ = {isa = PBXBuildFile; fileRef = 1E6BF34714DD70AA006D428C /* AllTimesViewController.m */; };
		1E6BF34A14DD70AB006D428C /* AllTimesViewController.xib in Resources */ = {isa = PBXBuildFile; fileRef = 1E6BF34814DD70AA006D428C /* AllTimesViewController.xib */; };
		1E71FCAD14CB21E80036D12B /* TODO.txt in Resources */ = {isa = PBXBuildFile; fileRef = 1E71FCAC14CB21E80036D12B /* TODO.txt */; };
		1E7D49DD16A5616E00D3D3E7 /* Default-568h@2x.png in Resources */ = {isa = PBXBuildFile; fileRef = 1E7D49DC16A5616D00D3D3E7 /* Default-568h@2x.png */; };
		1E856D7814F840C200B08181 /* SplitsViewController.m in Sources */ = {isa = PBXBuildFile; fileRef = 1E856D7614F840C200B08181 /* SplitsViewController.m */; };
		1E856D7914F840C200B08181 /* SplitsViewController.xib in Resources */ = {isa = PBXBuildFile; fileRef = 1E856D7714F840C200B08181 /* SplitsViewController.xib */; };
		1E89ACEB14ECB00500DA97D2 /* CutsViewController.m in Sources */ = {isa = PBXBuildFile; fileRef = 1E89ACEA14ECB00500DA97D2 /* CutsViewController.m */; };
		1E8ABA1D14ED1B450096E096 /* RecentRacesViewController.m in Sources */ = {isa = PBXBuildFile; fileRef = 1E8ABA1C14ED1B450096E096 /* RecentRacesViewController.m */; };
		1E8ABA2114ED1F7E0096E096 /* CutsViewDataItem.m in Sources */ = {isa = PBXBuildFile; fileRef = 1E8ABA2014ED1F7E0096E096 /* CutsViewDataItem.m */; };
		1E8AE75C14C1D71700E01C50 /* libz.dylib in Frameworks */ = {isa = PBXBuildFile; fileRef = 1E8AE75B14C1D71700E01C50 /* libz.dylib */; };
		1E90731B15B0D08A00EAB0DE /* AddNewSwimmerViewController_iPad.xib in Resources */ = {isa = PBXBuildFile; fileRef = 1E90731A15B0D08A00EAB0DE /* AddNewSwimmerViewController_iPad.xib */; };
		1EA2289D14703E6C00283AD0 /* UIKit.framework in Frameworks */ = {isa = PBXBuildFile; fileRef = 1EA2289C14703E6C00283AD0 /* UIKit.framework */; };
		1EA2289F14703E6C00283AD0 /* Foundation.framework in Frameworks */ = {isa = PBXBuildFile; fileRef = 1EA2289E14703E6C00283AD0 /* Foundation.framework */; };
		1EA228A114703E6C00283AD0 /* CoreGraphics.framework in Frameworks */ = {isa = PBXBuildFile; fileRef = 1EA228A014703E6C00283AD0 /* CoreGraphics.framework */; };
		1EA228A714703E6C00283AD0 /* InfoPlist.strings in Resources */ = {isa = PBXBuildFile; fileRef = 1EA228A514703E6C00283AD0 /* InfoPlist.strings */; };
		1EA228AA14703E6C00283AD0 /* main.m in Sources */ = {isa = PBXBuildFile; fileRef = 1EA228A914703E6C00283AD0 /* main.m */; };
		1EA228AD14703E6C00283AD0 /* SimpleTimesAppDelegate.m in Sources */ = {isa = PBXBuildFile; fileRef = 1EA228AC14703E6C00283AD0 /* SimpleTimesAppDelegate.m */; };
		1EA228B014703E6C00283AD0 /* MainWindow.xib in Resources */ = {isa = PBXBuildFile; fileRef = 1EA228AE14703E6C00283AD0 /* MainWindow.xib */; };
		1EA228B314703E6C00283AD0 /* RootViewController.m in Sources */ = {isa = PBXBuildFile; fileRef = 1EA228B214703E6C00283AD0 /* RootViewController.m */; };
		1EA228B614703E6C00283AD0 /* RootViewController.xib in Resources */ = {isa = PBXBuildFile; fileRef = 1EA228B414703E6C00283AD0 /* RootViewController.xib */; };
		1EA228D6147053B400283AD0 /* Reachability.m in Sources */ = {isa = PBXBuildFile; fileRef = 1EA228C0147053B400283AD0 /* Reachability.m */; };
		1EA228D7147053B400283AD0 /* ASINetworkQueue.m in Sources */ = {isa = PBXBuildFile; fileRef = 1EA228C3147053B400283AD0 /* ASINetworkQueue.m */; };
		1EA228D8147053B400283AD0 /* ASIInputStream.m in Sources */ = {isa = PBXBuildFile; fileRef = 1EA228C5147053B400283AD0 /* ASIInputStream.m */; };
		1EA228D9147053B400283AD0 /* ASIHTTPRequest.m in Sources */ = {isa = PBXBuildFile; fileRef = 1EA228C9147053B400283AD0 /* ASIHTTPRequest.m */; };
		1EA228DA147053B400283AD0 /* ASIFormDataRequest.m in Sources */ = {isa = PBXBuildFile; fileRef = 1EA228CB147053B400283AD0 /* ASIFormDataRequest.m */; };
		1EA228DB147053B400283AD0 /* ASIDownloadCache.m in Sources */ = {isa = PBXBuildFile; fileRef = 1EA228CD147053B400283AD0 /* ASIDownloadCache.m */; };
		1EA228DC147053B400283AD0 /* ASIDataDecompressor.m in Sources */ = {isa = PBXBuildFile; fileRef = 1EA228CF147053B400283AD0 /* ASIDataDecompressor.m */; };
		1EA228DD147053B400283AD0 /* ASIDataCompressor.m in Sources */ = {isa = PBXBuildFile; fileRef = 1EA228D1147053B400283AD0 /* ASIDataCompressor.m */; };
		1EA228DE147053B400283AD0 /* ASIAuthenticationDialog.m in Sources */ = {isa = PBXBuildFile; fileRef = 1EA228D4147053B400283AD0 /* ASIAuthenticationDialog.m */; };
		1EA228E01470548200283AD0 /* CFNetwork.framework in Frameworks */ = {isa = PBXBuildFile; fileRef = 1EA228DF1470548200283AD0 /* CFNetwork.framework */; };
		1EA228E21470549200283AD0 /* SystemConfiguration.framework in Frameworks */ = {isa = PBXBuildFile; fileRef = 1EA228E11470549200283AD0 /* SystemConfiguration.framework */; };
		1EA228E4147054A000283AD0 /* MobileCoreServices.framework in Frameworks */ = {isa = PBXBuildFile; fileRef = 1EA228E3147054A000283AD0 /* MobileCoreServices.framework */; };
		1EA228E91470555600283AD0 /* TeamManagerDBProxy.m in Sources */ = {isa = PBXBuildFile; fileRef = 1EA228E81470555600283AD0 /* TeamManagerDBProxy.m */; };
		1EA228ED14706C7500283AD0 /* ROHTMLTable.m in Sources */ = {isa = PBXBuildFile; fileRef = 1EA228EC14706C7500283AD0 /* ROHTMLTable.m */; };
		1EA228F01474293E00283AD0 /* USASwimmingDBProxy.m in Sources */ = {isa = PBXBuildFile; fileRef = 1EA228EF1474293E00283AD0 /* USASwimmingDBProxy.m */; };
		1EB1937A14F1517500F2CDED /* EnterRaceResultsiPhoneViewController.m in Sources */ = {isa = PBXBuildFile; fileRef = 1EB1937814F1517500F2CDED /* EnterRaceResultsiPhoneViewController.m */; };
		1EB1937B14F1517500F2CDED /* EnterRaceResultsiPhoneViewController.xib in Resources */ = {isa = PBXBuildFile; fileRef = 1EB1937914F1517500F2CDED /* EnterRaceResultsiPhoneViewController.xib */; };
		1EBE0F0A14F01CC900ED4DB5 /* AthleteCD.m in Sources */ = {isa = PBXBuildFile; fileRef = 1EBE0EF914F01CC900ED4DB5 /* AthleteCD.m */; };
		1EBE0F0B14F01CC900ED4DB5 /* RaceResult.m in Sources */ = {isa = PBXBuildFile; fileRef = 1EBE0EFB14F01CC900ED4DB5 /* RaceResult.m */; };
		1EBE0F0C14F01CC900ED4DB5 /* RaceResultTeamManager.m in Sources */ = {isa = PBXBuildFile; fileRef = 1EBE0EFD14F01CC900ED4DB5 /* RaceResultTeamManager.m */; };
		1EBE0F0D14F01CC900ED4DB5 /* Split.m in Sources */ = {isa = PBXBuildFile; fileRef = 1EBE0EFF14F01CC900ED4DB5 /* Split.m */; };
		1EBE0F0E14F01CC900ED4DB5 /* SplitCD.m in Sources */ = {isa = PBXBuildFile; fileRef = 1EBE0F0114F01CC900ED4DB5 /* SplitCD.m */; };
		1EBE0F0F14F01CC900ED4DB5 /* Swimmers.m in Sources */ = {isa = PBXBuildFile; fileRef = 1EBE0F0314F01CC900ED4DB5 /* Swimmers.m */; };
		1EBE0F1014F01CC900ED4DB5 /* Swimming.m in Sources */ = {isa = PBXBuildFile; fileRef = 1EBE0F0514F01CC900ED4DB5 /* Swimming.m */; };
		1EBE0F1114F01CC900ED4DB5 /* TimeStandard.m in Sources */ = {isa = PBXBuildFile; fileRef = 1EBE0F0714F01CC900ED4DB5 /* TimeStandard.m */; };
		1EBE0F1214F01CC900ED4DB5 /* TimeStandardUssScy.m in Sources */ = {isa = PBXBuildFile; fileRef = 1EBE0F0914F01CC900ED4DB5 /* TimeStandardUssScy.m */; };
		1EBE0F1914F0478300ED4DB5 /* AddMeetViewController.m in Sources */ = {isa = PBXBuildFile; fileRef = 1EBE0F1714F0478300ED4DB5 /* AddMeetViewController.m */; };
		1EBE0F1A14F0478300ED4DB5 /* AddMeetViewController.xib in Resources */ = {isa = PBXBuildFile; fileRef = 1EBE0F1814F0478300ED4DB5 /* AddMeetViewController.xib */; };
		1EC38DBC18353FD300918FA1 /* matthew_48.png in Resources */ = {isa = PBXBuildFile; fileRef = 1EC38DBB18353FD300918FA1 /* matthew_48.png */; };
		1ECD4CB214E8479C00AEB935 /* water-splash-ipad-wallpaper-gray.png in Resources */ = {isa = PBXBuildFile; fileRef = 1ECD4CB114E8479C00AEB935 /* water-splash-ipad-wallpaper-gray.png */; };
		1ECD4CB614E9F15000AEB935 /* UnderWater-Portrait-iPhone.png in Resources */ = {isa = PBXBuildFile; fileRef = 1ECD4CB414E9F15000AEB935 /* UnderWater-Portrait-iPhone.png */; };
		1ECD4CB714E9F15000AEB935 /* UnderWater-Portrait-iPhone@2x.png in Resources */ = {isa = PBXBuildFile; fileRef = 1ECD4CB514E9F15000AEB935 /* UnderWater-Portrait-iPhone@2x.png */; };
		1ED8168E14888142006268C2 /* iPhoneIcon_Small.png in Resources */ = {isa = PBXBuildFile; fileRef = 1ED8168D14888142006268C2 /* iPhoneIcon_Small.png */; };
/* End PBXBuildFile section */

/* Begin PBXFileReference section */
		1E1FCCFE1480009B00CD8316 /* AddSwimmerViewController.h */ = {isa = PBXFileReference; fileEncoding = 4; lastKnownFileType = sourcecode.c.h; path = AddSwimmerViewController.h; sourceTree = "<group>"; };
		1E1FCCFF1480009C00CD8316 /* AddSwimmerViewController.m */ = {isa = PBXFileReference; fileEncoding = 4; lastKnownFileType = sourcecode.c.objc; path = AddSwimmerViewController.m; sourceTree = "<group>"; };
		1E1FCD001480009C00CD8316 /* AddSwimmerViewController.xib */ = {isa = PBXFileReference; fileEncoding = 4; lastKnownFileType = file.xib; path = AddSwimmerViewController.xib; sourceTree = "<group>"; };
		1E1FCD0E1487009400CD8316 /* CoreData.framework */ = {isa = PBXFileReference; lastKnownFileType = wrapper.framework; name = CoreData.framework; path = System/Library/Frameworks/CoreData.framework; sourceTree = SDKROOT; };
		1E1FCD111487010600CD8316 /* SimpleSwimModel.xcdatamodel */ = {isa = PBXFileReference; lastKnownFileType = wrapper.xcdatamodel; path = SimpleSwimModel.xcdatamodel; sourceTree = "<group>"; };
		1E27E4B414CBB27A001D4F5F /* QuartzCore.framework */ = {isa = PBXFileReference; lastKnownFileType = wrapper.framework; name = QuartzCore.framework; path = System/Library/Frameworks/QuartzCore.framework; sourceTree = SDKROOT; };
		1E27E4B614CC43F7001D4F5F /* DownloadTimesMI.h */ = {isa = PBXFileReference; fileEncoding = 4; lastKnownFileType = sourcecode.c.h; path = DownloadTimesMI.h; sourceTree = "<group>"; };
		1E27E4B714CC43F7001D4F5F /* DownloadTimesMI.m */ = {isa = PBXFileReference; fileEncoding = 4; lastKnownFileType = sourcecode.c.objc; path = DownloadTimesMI.m; sourceTree = "<group>"; };
		1E2DE6B1182C715800345A97 /* README.md */ = {isa = PBXFileReference; fileEncoding = 4; lastKnownFileType = text; path = README.md; sourceTree = "<group>"; };
		1E3A6E5614E43B05007F1760 /* clock_24.png */ = {isa = PBXFileReference; lastKnownFileType = image.png; name = clock_24.png; path = images/clock_24.png; sourceTree = SOURCE_ROOT; };
		1E3A6E5814E5919C007F1760 /* SimpleSwimModel 2.xcdatamodel */ = {isa = PBXFileReference; lastKnownFileType = wrapper.xcdatamodel; path = "SimpleSwimModel 2.xcdatamodel"; sourceTree = "<group>"; };
		1E3A6E5C14E5C008007F1760 /* water-splash-ipad-wallpaper-50.png */ = {isa = PBXFileReference; lastKnownFileType = image.png; name = "water-splash-ipad-wallpaper-50.png"; path = "images/water-splash-ipad-wallpaper-50.png"; sourceTree = SOURCE_ROOT; };
		1E3A6E5E14E5C109007F1760 /* water-splash-ipad-wallpaper-35.png */ = {isa = PBXFileReference; lastKnownFileType = image.png; name = "water-splash-ipad-wallpaper-35.png"; path = "images/water-splash-ipad-wallpaper-35.png"; sourceTree = SOURCE_ROOT; };
		1E3A6E6014E5D117007F1760 /* SwimmerPickerController.h */ = {isa = PBXFileReference; fileEncoding = 4; lastKnownFileType = sourcecode.c.h; path = SwimmerPickerController.h; sourceTree = "<group>"; };
		1E3A6E6114E5D118007F1760 /* SwimmerPickerController.m */ = {isa = PBXFileReference; fileEncoding = 4; lastKnownFileType = sourcecode.c.objc; path = SwimmerPickerController.m; sourceTree = "<group>"; };
		1E3A6E6314E5F354007F1760 /* man_24.png */ = {isa = PBXFileReference; lastKnownFileType = image.png; name = man_24.png; path = images/man_24.png; sourceTree = SOURCE_ROOT; };
		1E4C5A1B14FBF5C1003FA4B6 /* SVProgressHUD.bundle */ = {isa = PBXFileReference; lastKnownFileType = "wrapper.plug-in"; name = SVProgressHUD.bundle; path = SVProgressHUD/SVProgressHUD.bundle; sourceTree = "<group>"; };
		1E4C5A1C14FBF5C1003FA4B6 /* SVProgressHUD.h */ = {isa = PBXFileReference; fileEncoding = 4; lastKnownFileType = sourcecode.c.h; name = SVProgressHUD.h; path = SVProgressHUD/SVProgressHUD.h; sourceTree = "<group>"; };
		1E4C5A1D14FBF5C1003FA4B6 /* SVProgressHUD.m */ = {isa = PBXFileReference; fileEncoding = 4; lastKnownFileType = sourcecode.c.objc; name = SVProgressHUD.m; path = SVProgressHUD/SVProgressHUD.m; sourceTree = "<group>"; };
		1E5714BE183EF69200899460 /* AddSwimmerResult.m */ = {isa = PBXFileReference; fileEncoding = 4; lastKnownFileType = sourcecode.c.objc; name = AddSwimmerResult.m; path = Models/AddSwimmerResult.m; sourceTree = "<group>"; };
		1E5714BF183EF69200899460 /* AddSwimmerResult.h */ = {isa = PBXFileReference; fileEncoding = 4; lastKnownFileType = sourcecode.c.h; name = AddSwimmerResult.h; path = Models/AddSwimmerResult.h; sourceTree = "<group>"; };
		1E5714C1183EF6F600899460 /* GetBirthdayViewController.h */ = {isa = PBXFileReference; fileEncoding = 4; lastKnownFileType = sourcecode.c.h; name = GetBirthdayViewController.h; path = iPad/GetBirthdayViewController.h; sourceTree = SOURCE_ROOT; };
		1E5714C2183EF6F600899460 /* GetBirthdayViewController.xib */ = {isa = PBXFileReference; fileEncoding = 4; lastKnownFileType = file.xib; name = GetBirthdayViewController.xib; path = iPad/GetBirthdayViewController.xib; sourceTree = SOURCE_ROOT; };
		1E5714C3183EF6F600899460 /* GetBirthdayViewController.m */ = {isa = PBXFileReference; fileEncoding = 4; lastKnownFileType = sourcecode.c.objc; name = GetBirthdayViewController.m; path = iPad/GetBirthdayViewController.m; sourceTree = SOURCE_ROOT; };
		1E6BF19E14D48802006D428C /* Storyboard_iPad.storyboard */ = {isa = PBXFileReference; fileEncoding = 4; lastKnownFileType = file.storyboard; path = Storyboard_iPad.storyboard; sourceTree = "<group>"; };
		1E6BF1A114D49615006D428C /* Storyboard_iPhone.storyboard */ = {isa = PBXFileReference; fileEncoding = 4; lastKnownFileType = file.storyboard; name = Storyboard_iPhone.storyboard; path = ../Storyboard_iPhone.storyboard; sourceTree = "<group>"; };
		1E6BF1A514D4EA22006D428C /* reload_v2.png */ = {isa = PBXFileReference; lastKnownFileType = image.png; name = reload_v2.png; path = ../reload_v2.png; sourceTree = "<group>"; };
		1E6BF1A914D4EE8B006D428C /* reload_v2@2x.png */ = {isa = PBXFileReference; lastKnownFileType = image.png; name = "reload_v2@2x.png"; path = "../reload_v2@2x.png"; sourceTree = "<group>"; };
		1E6BF1B514D629E9006D428C /* DetailSwimmerViewController.h */ = {isa = PBXFileReference; fileEncoding = 4; lastKnownFileType = sourcecode.c.h; path = DetailSwimmerViewController.h; sourceTree = "<group>"; };
		1E6BF1B614D629E9006D428C /* DetailSwimmerViewController.m */ = {isa = PBXFileReference; fileEncoding = 4; lastKnownFileType = sourcecode.c.objc; path = DetailSwimmerViewController.m; sourceTree = "<group>"; };
		1E6BF1BF14D71E44006D428C /* UnderWater-Portrait.png */ = {isa = PBXFileReference; lastKnownFileType = image.png; name = "UnderWater-Portrait.png"; path = "../UnderWater-Portrait.png"; sourceTree = "<group>"; };
		1E6BF1C414D77D6C006D428C /* TopTimesViewController.h */ = {isa = PBXFileReference; fileEncoding = 4; lastKnownFileType = sourcecode.c.h; path = TopTimesViewController.h; sourceTree = "<group>"; };
		1E6BF1C514D77D6C006D428C /* TopTimesViewController.m */ = {isa = PBXFileReference; fileEncoding = 4; lastKnownFileType = sourcecode.c.objc; path = TopTimesViewController.m; sourceTree = "<group>"; };
		1E6BF1C614D77D6C006D428C /* TopTimesViewController.xib */ = {isa = PBXFileReference; fileEncoding = 4; lastKnownFileType = file.xib; path = TopTimesViewController.xib; sourceTree = "<group>"; };
		1E6BF1C914DA31DD006D428C /* EnterRaceResultController.h */ = {isa = PBXFileReference; fileEncoding = 4; lastKnownFileType = sourcecode.c.h; path = EnterRaceResultController.h; sourceTree = "<group>"; };
		1E6BF1CA14DA31DD006D428C /* EnterRaceResultController.m */ = {isa = PBXFileReference; fileEncoding = 4; lastKnownFileType = sourcecode.c.objc; path = EnterRaceResultController.m; sourceTree = "<group>"; };
		1E6BF1CB14DA31DD006D428C /* EnterRaceResultController.xib */ = {isa = PBXFileReference; fileEncoding = 4; lastKnownFileType = file.xib; path = EnterRaceResultController.xib; sourceTree = "<group>"; };
		1E6BF1D414DB8A9D006D428C /* plus_24.png */ = {isa = PBXFileReference; lastKnownFileType = image.png; name = plus_24.png; path = images/plus_24.png; sourceTree = SOURCE_ROOT; };
		1E6BF1D614DB8BC1006D428C /* star_24.png */ = {isa = PBXFileReference; lastKnownFileType = image.png; name = star_24.png; path = images/star_24.png; sourceTree = SOURCE_ROOT; };
		1E6BF21C14DC2D76006D428C /* DetailSwimmerViewController.xib */ = {isa = PBXFileReference; fileEncoding = 4; lastKnownFileType = file.xib; path = DetailSwimmerViewController.xib; sourceTree = "<group>"; };
		1E6BF27E14DC45BC006D428C /* UnderWater-Portrait-50.png */ = {isa = PBXFileReference; lastKnownFileType = image.png; path = "UnderWater-Portrait-50.png"; sourceTree = SOURCE_ROOT; };
		1E6BF34414DD6F57006D428C /* calendar_24.png */ = {isa = PBXFileReference; lastKnownFileType = image.png; name = calendar_24.png; path = images/calendar_24.png; sourceTree = SOURCE_ROOT; };
		1E6BF34614DD70A9006D428C /* AllTimesViewController.h */ = {isa = PBXFileReference; fileEncoding = 4; lastKnownFileType = sourcecode.c.h; path = AllTimesViewController.h; sourceTree = "<group>"; };
		1E6BF34714DD70AA006D428C /* AllTimesViewController.m */ = {isa = PBXFileReference; fileEncoding = 4; lastKnownFileType = sourcecode.c.objc; path = AllTimesViewController.m; sourceTree = "<group>"; };
		1E6BF34814DD70AA006D428C /* AllTimesViewController.xib */ = {isa = PBXFileReference; fileEncoding = 4; lastKnownFileType = file.xib; path = AllTimesViewController.xib; sourceTree = "<group>"; };
		1E71FCAC14CB21E80036D12B /* TODO.txt */ = {isa = PBXFileReference; fileEncoding = 4; lastKnownFileType = text; path = TODO.txt; sourceTree = "<group>"; };
		1E7D49DC16A5616D00D3D3E7 /* Default-568h@2x.png */ = {isa = PBXFileReference; lastKnownFileType = image.png; path = "Default-568h@2x.png"; sourceTree = "<group>"; };
		1E856D7514F840C200B08181 /* SplitsViewController.h */ = {isa = PBXFileReference; fileEncoding = 4; lastKnownFileType = sourcecode.c.h; path = SplitsViewController.h; sourceTree = "<group>"; };
		1E856D7614F840C200B08181 /* SplitsViewController.m */ = {isa = PBXFileReference; fileEncoding = 4; lastKnownFileType = sourcecode.c.objc; path = SplitsViewController.m; sourceTree = "<group>"; };
		1E856D7714F840C200B08181 /* SplitsViewController.xib */ = {isa = PBXFileReference; fileEncoding = 4; lastKnownFileType = file.xib; path = SplitsViewController.xib; sourceTree = "<group>"; };
		1E89ACE914ECB00500DA97D2 /* CutsViewController.h */ = {isa = PBXFileReference; fileEncoding = 4; lastKnownFileType = sourcecode.c.h; path = CutsViewController.h; sourceTree = "<group>"; };
		1E89ACEA14ECB00500DA97D2 /* CutsViewController.m */ = {isa = PBXFileReference; fileEncoding = 4; lastKnownFileType = sourcecode.c.objc; path = CutsViewController.m; sourceTree = "<group>"; };
		1E8ABA1B14ED1B450096E096 /* RecentRacesViewController.h */ = {isa = PBXFileReference; fileEncoding = 4; lastKnownFileType = sourcecode.c.h; path = RecentRacesViewController.h; sourceTree = "<group>"; };
		1E8ABA1C14ED1B450096E096 /* RecentRacesViewController.m */ = {isa = PBXFileReference; fileEncoding = 4; lastKnownFileType = sourcecode.c.objc; path = RecentRacesViewController.m; sourceTree = "<group>"; };
		1E8ABA1F14ED1F7E0096E096 /* CutsViewDataItem.h */ = {isa = PBXFileReference; fileEncoding = 4; lastKnownFileType = sourcecode.c.h; path = CutsViewDataItem.h; sourceTree = "<group>"; };
		1E8ABA2014ED1F7E0096E096 /* CutsViewDataItem.m */ = {isa = PBXFileReference; fileEncoding = 4; lastKnownFileType = sourcecode.c.objc; path = CutsViewDataItem.m; sourceTree = "<group>"; };
		1E8AE75B14C1D71700E01C50 /* libz.dylib */ = {isa = PBXFileReference; lastKnownFileType = "compiled.mach-o.dylib"; name = libz.dylib; path = usr/lib/libz.dylib; sourceTree = SDKROOT; };
		1E8F7D7814C9E8D20054486E /* SenTestingKit.framework */ = {isa = PBXFileReference; lastKnownFileType = wrapper.framework; name = SenTestingKit.framework; path = Library/Frameworks/SenTestingKit.framework; sourceTree = DEVELOPER_DIR; };
		1E90731A15B0D08A00EAB0DE /* AddNewSwimmerViewController_iPad.xib */ = {isa = PBXFileReference; fileEncoding = 4; lastKnownFileType = file.xib; path = AddNewSwimmerViewController_iPad.xib; sourceTree = "<group>"; };
		1EA2289814703E6C00283AD0 /* SimpleTimes.app */ = {isa = PBXFileReference; explicitFileType = wrapper.application; includeInIndex = 0; path = SimpleTimes.app; sourceTree = BUILT_PRODUCTS_DIR; };
		1EA2289C14703E6C00283AD0 /* UIKit.framework */ = {isa = PBXFileReference; lastKnownFileType = wrapper.framework; name = UIKit.framework; path = System/Library/Frameworks/UIKit.framework; sourceTree = SDKROOT; };
		1EA2289E14703E6C00283AD0 /* Foundation.framework */ = {isa = PBXFileReference; lastKnownFileType = wrapper.framework; name = Foundation.framework; path = System/Library/Frameworks/Foundation.framework; sourceTree = SDKROOT; };
		1EA228A014703E6C00283AD0 /* CoreGraphics.framework */ = {isa = PBXFileReference; lastKnownFileType = wrapper.framework; name = CoreGraphics.framework; path = System/Library/Frameworks/CoreGraphics.framework; sourceTree = SDKROOT; };
		1EA228A414703E6C00283AD0 /* SimpleTimes-Info.plist */ = {isa = PBXFileReference; lastKnownFileType = text.plist.xml; path = "SimpleTimes-Info.plist"; sourceTree = "<group>"; };
		1EA228A614703E6C00283AD0 /* en */ = {isa = PBXFileReference; lastKnownFileType = text.plist.strings; name = en; path = en.lproj/InfoPlist.strings; sourceTree = "<group>"; };
		1EA228A814703E6C00283AD0 /* SimpleTimes-Prefix.pch */ = {isa = PBXFileReference; lastKnownFileType = sourcecode.c.h; path = "SimpleTimes-Prefix.pch"; sourceTree = "<group>"; };
		1EA228A914703E6C00283AD0 /* main.m */ = {isa = PBXFileReference; lastKnownFileType = sourcecode.c.objc; path = main.m; sourceTree = "<group>"; };
		1EA228AB14703E6C00283AD0 /* SimpleTimesAppDelegate.h */ = {isa = PBXFileReference; lastKnownFileType = sourcecode.c.h; path = SimpleTimesAppDelegate.h; sourceTree = "<group>"; };
		1EA228AC14703E6C00283AD0 /* SimpleTimesAppDelegate.m */ = {isa = PBXFileReference; lastKnownFileType = sourcecode.c.objc; path = SimpleTimesAppDelegate.m; sourceTree = "<group>"; };
		1EA228AF14703E6C00283AD0 /* en */ = {isa = PBXFileReference; lastKnownFileType = file.xib; name = en; path = en.lproj/MainWindow.xib; sourceTree = "<group>"; };
		1EA228B114703E6C00283AD0 /* RootViewController.h */ = {isa = PBXFileReference; lastKnownFileType = sourcecode.c.h; path = RootViewController.h; sourceTree = "<group>"; };
		1EA228B214703E6C00283AD0 /* RootViewController.m */ = {isa = PBXFileReference; lastKnownFileType = sourcecode.c.objc; path = RootViewController.m; sourceTree = "<group>"; };
		1EA228B514703E6C00283AD0 /* en */ = {isa = PBXFileReference; lastKnownFileType = file.xib; name = en; path = en.lproj/RootViewController.xib; sourceTree = "<group>"; };
		1EA228C0147053B400283AD0 /* Reachability.m */ = {isa = PBXFileReference; fileEncoding = 4; lastKnownFileType = sourcecode.c.objc; name = Reachability.m; path = ASIHTTPRequest/Reachability.m; sourceTree = "<group>"; };
		1EA228C1147053B400283AD0 /* Reachability.h */ = {isa = PBXFileReference; fileEncoding = 4; lastKnownFileType = sourcecode.c.h; name = Reachability.h; path = ASIHTTPRequest/Reachability.h; sourceTree = "<group>"; };
		1EA228C2147053B400283AD0 /* ASIProgressDelegate.h */ = {isa = PBXFileReference; fileEncoding = 4; lastKnownFileType = sourcecode.c.h; name = ASIProgressDelegate.h; path = ASIHTTPRequest/ASIProgressDelegate.h; sourceTree = "<group>"; };
		1EA228C3147053B400283AD0 /* ASINetworkQueue.m */ = {isa = PBXFileReference; fileEncoding = 4; lastKnownFileType = sourcecode.c.objc; name = ASINetworkQueue.m; path = ASIHTTPRequest/ASINetworkQueue.m; sourceTree = "<group>"; };
		1EA228C4147053B400283AD0 /* ASINetworkQueue.h */ = {isa = PBXFileReference; fileEncoding = 4; lastKnownFileType = sourcecode.c.h; name = ASINetworkQueue.h; path = ASIHTTPRequest/ASINetworkQueue.h; sourceTree = "<group>"; };
		1EA228C5147053B400283AD0 /* ASIInputStream.m */ = {isa = PBXFileReference; fileEncoding = 4; lastKnownFileType = sourcecode.c.objc; name = ASIInputStream.m; path = ASIHTTPRequest/ASIInputStream.m; sourceTree = "<group>"; };
		1EA228C6147053B400283AD0 /* ASIInputStream.h */ = {isa = PBXFileReference; fileEncoding = 4; lastKnownFileType = sourcecode.c.h; name = ASIInputStream.h; path = ASIHTTPRequest/ASIInputStream.h; sourceTree = "<group>"; };
		1EA228C7147053B400283AD0 /* ASIHTTPRequestDelegate.h */ = {isa = PBXFileReference; fileEncoding = 4; lastKnownFileType = sourcecode.c.h; name = ASIHTTPRequestDelegate.h; path = ASIHTTPRequest/ASIHTTPRequestDelegate.h; sourceTree = "<group>"; };
		1EA228C8147053B400283AD0 /* ASIHTTPRequestConfig.h */ = {isa = PBXFileReference; fileEncoding = 4; lastKnownFileType = sourcecode.c.h; name = ASIHTTPRequestConfig.h; path = ASIHTTPRequest/ASIHTTPRequestConfig.h; sourceTree = "<group>"; };
		1EA228C9147053B400283AD0 /* ASIHTTPRequest.m */ = {isa = PBXFileReference; fileEncoding = 4; lastKnownFileType = sourcecode.c.objc; name = ASIHTTPRequest.m; path = ASIHTTPRequest/ASIHTTPRequest.m; sourceTree = "<group>"; };
		1EA228CA147053B400283AD0 /* ASIHTTPRequest.h */ = {isa = PBXFileReference; fileEncoding = 4; lastKnownFileType = sourcecode.c.h; name = ASIHTTPRequest.h; path = ASIHTTPRequest/ASIHTTPRequest.h; sourceTree = "<group>"; };
		1EA228CB147053B400283AD0 /* ASIFormDataRequest.m */ = {isa = PBXFileReference; fileEncoding = 4; lastKnownFileType = sourcecode.c.objc; name = ASIFormDataRequest.m; path = ASIHTTPRequest/ASIFormDataRequest.m; sourceTree = "<group>"; };
		1EA228CC147053B400283AD0 /* ASIFormDataRequest.h */ = {isa = PBXFileReference; fileEncoding = 4; lastKnownFileType = sourcecode.c.h; name = ASIFormDataRequest.h; path = ASIHTTPRequest/ASIFormDataRequest.h; sourceTree = "<group>"; };
		1EA228CD147053B400283AD0 /* ASIDownloadCache.m */ = {isa = PBXFileReference; fileEncoding = 4; lastKnownFileType = sourcecode.c.objc; name = ASIDownloadCache.m; path = ASIHTTPRequest/ASIDownloadCache.m; sourceTree = "<group>"; };
		1EA228CE147053B400283AD0 /* ASIDownloadCache.h */ = {isa = PBXFileReference; fileEncoding = 4; lastKnownFileType = sourcecode.c.h; name = ASIDownloadCache.h; path = ASIHTTPRequest/ASIDownloadCache.h; sourceTree = "<group>"; };
		1EA228CF147053B400283AD0 /* ASIDataDecompressor.m */ = {isa = PBXFileReference; fileEncoding = 4; lastKnownFileType = sourcecode.c.objc; name = ASIDataDecompressor.m; path = ASIHTTPRequest/ASIDataDecompressor.m; sourceTree = "<group>"; };
		1EA228D0147053B400283AD0 /* ASIDataDecompressor.h */ = {isa = PBXFileReference; fileEncoding = 4; lastKnownFileType = sourcecode.c.h; name = ASIDataDecompressor.h; path = ASIHTTPRequest/ASIDataDecompressor.h; sourceTree = "<group>"; };
		1EA228D1147053B400283AD0 /* ASIDataCompressor.m */ = {isa = PBXFileReference; fileEncoding = 4; lastKnownFileType = sourcecode.c.objc; name = ASIDataCompressor.m; path = ASIHTTPRequest/ASIDataCompressor.m; sourceTree = "<group>"; };
		1EA228D2147053B400283AD0 /* ASIDataCompressor.h */ = {isa = PBXFileReference; fileEncoding = 4; lastKnownFileType = sourcecode.c.h; name = ASIDataCompressor.h; path = ASIHTTPRequest/ASIDataCompressor.h; sourceTree = "<group>"; };
		1EA228D3147053B400283AD0 /* ASICacheDelegate.h */ = {isa = PBXFileReference; fileEncoding = 4; lastKnownFileType = sourcecode.c.h; name = ASICacheDelegate.h; path = ASIHTTPRequest/ASICacheDelegate.h; sourceTree = "<group>"; };
		1EA228D4147053B400283AD0 /* ASIAuthenticationDialog.m */ = {isa = PBXFileReference; fileEncoding = 4; lastKnownFileType = sourcecode.c.objc; name = ASIAuthenticationDialog.m; path = ASIHTTPRequest/ASIAuthenticationDialog.m; sourceTree = "<group>"; };
		1EA228D5147053B400283AD0 /* ASIAuthenticationDialog.h */ = {isa = PBXFileReference; fileEncoding = 4; lastKnownFileType = sourcecode.c.h; name = ASIAuthenticationDialog.h; path = ASIHTTPRequest/ASIAuthenticationDialog.h; sourceTree = "<group>"; };
		1EA228DF1470548200283AD0 /* CFNetwork.framework */ = {isa = PBXFileReference; lastKnownFileType = wrapper.framework; name = CFNetwork.framework; path = System/Library/Frameworks/CFNetwork.framework; sourceTree = SDKROOT; };
		1EA228E11470549200283AD0 /* SystemConfiguration.framework */ = {isa = PBXFileReference; lastKnownFileType = wrapper.framework; name = SystemConfiguration.framework; path = System/Library/Frameworks/SystemConfiguration.framework; sourceTree = SDKROOT; };
		1EA228E3147054A000283AD0 /* MobileCoreServices.framework */ = {isa = PBXFileReference; lastKnownFileType = wrapper.framework; name = MobileCoreServices.framework; path = System/Library/Frameworks/MobileCoreServices.framework; sourceTree = SDKROOT; };
		1EA228E71470555600283AD0 /* TeamManagerDBProxy.h */ = {isa = PBXFileReference; fileEncoding = 4; lastKnownFileType = sourcecode.c.h; name = TeamManagerDBProxy.h; path = DataProviders/TeamManagerDBProxy.h; sourceTree = SOURCE_ROOT; };
		1EA228E81470555600283AD0 /* TeamManagerDBProxy.m */ = {isa = PBXFileReference; fileEncoding = 4; lastKnownFileType = sourcecode.c.objc; name = TeamManagerDBProxy.m; path = DataProviders/TeamManagerDBProxy.m; sourceTree = SOURCE_ROOT; };
		1EA228EB14706C7500283AD0 /* ROHTMLTable.h */ = {isa = PBXFileReference; fileEncoding = 4; lastKnownFileType = sourcecode.c.h; name = ROHTMLTable.h; path = DataProviders/ROHTMLTable.h; sourceTree = SOURCE_ROOT; };
		1EA228EC14706C7500283AD0 /* ROHTMLTable.m */ = {isa = PBXFileReference; fileEncoding = 4; lastKnownFileType = sourcecode.c.objc; name = ROHTMLTable.m; path = DataProviders/ROHTMLTable.m; sourceTree = SOURCE_ROOT; };
		1EA228EE1474293E00283AD0 /* USASwimmingDBProxy.h */ = {isa = PBXFileReference; fileEncoding = 4; lastKnownFileType = sourcecode.c.h; name = USASwimmingDBProxy.h; path = DataProviders/USASwimmingDBProxy.h; sourceTree = SOURCE_ROOT; };
		1EA228EF1474293E00283AD0 /* USASwimmingDBProxy.m */ = {isa = PBXFileReference; fileEncoding = 4; lastKnownFileType = sourcecode.c.objc; name = USASwimmingDBProxy.m; path = DataProviders/USASwimmingDBProxy.m; sourceTree = SOURCE_ROOT; };
		1EB1937714F1517500F2CDED /* EnterRaceResultsiPhoneViewController.h */ = {isa = PBXFileReference; fileEncoding = 4; lastKnownFileType = sourcecode.c.h; path = EnterRaceResultsiPhoneViewController.h; sourceTree = "<group>"; };
		1EB1937814F1517500F2CDED /* EnterRaceResultsiPhoneViewController.m */ = {isa = PBXFileReference; fileEncoding = 4; lastKnownFileType = sourcecode.c.objc; path = EnterRaceResultsiPhoneViewController.m; sourceTree = "<group>"; };
		1EB1937914F1517500F2CDED /* EnterRaceResultsiPhoneViewController.xib */ = {isa = PBXFileReference; fileEncoding = 4; lastKnownFileType = file.xib; path = EnterRaceResultsiPhoneViewController.xib; sourceTree = "<group>"; };
		1EBE0EF814F01CC900ED4DB5 /* AthleteCD.h */ = {isa = PBXFileReference; fileEncoding = 4; lastKnownFileType = sourcecode.c.h; name = AthleteCD.h; path = Models/AthleteCD.h; sourceTree = "<group>"; };
		1EBE0EF914F01CC900ED4DB5 /* AthleteCD.m */ = {isa = PBXFileReference; fileEncoding = 4; lastKnownFileType = sourcecode.c.objc; name = AthleteCD.m; path = Models/AthleteCD.m; sourceTree = "<group>"; };
		1EBE0EFA14F01CC900ED4DB5 /* RaceResult.h */ = {isa = PBXFileReference; fileEncoding = 4; lastKnownFileType = sourcecode.c.h; name = RaceResult.h; path = Models/RaceResult.h; sourceTree = "<group>"; };
		1EBE0EFB14F01CC900ED4DB5 /* RaceResult.m */ = {isa = PBXFileReference; fileEncoding = 4; lastKnownFileType = sourcecode.c.objc; name = RaceResult.m; path = Models/RaceResult.m; sourceTree = "<group>"; };
		1EBE0EFC14F01CC900ED4DB5 /* RaceResultTeamManager.h */ = {isa = PBXFileReference; fileEncoding = 4; lastKnownFileType = sourcecode.c.h; name = RaceResultTeamManager.h; path = Models/RaceResultTeamManager.h; sourceTree = "<group>"; };
		1EBE0EFD14F01CC900ED4DB5 /* RaceResultTeamManager.m */ = {isa = PBXFileReference; fileEncoding = 4; lastKnownFileType = sourcecode.c.objc; name = RaceResultTeamManager.m; path = Models/RaceResultTeamManager.m; sourceTree = "<group>"; };
		1EBE0EFE14F01CC900ED4DB5 /* Split.h */ = {isa = PBXFileReference; fileEncoding = 4; lastKnownFileType = sourcecode.c.h; name = Split.h; path = Models/Split.h; sourceTree = "<group>"; };
		1EBE0EFF14F01CC900ED4DB5 /* Split.m */ = {isa = PBXFileReference; fileEncoding = 4; lastKnownFileType = sourcecode.c.objc; name = Split.m; path = Models/Split.m; sourceTree = "<group>"; };
		1EBE0F0014F01CC900ED4DB5 /* SplitCD.h */ = {isa = PBXFileReference; fileEncoding = 4; lastKnownFileType = sourcecode.c.h; name = SplitCD.h; path = Models/SplitCD.h; sourceTree = "<group>"; };
		1EBE0F0114F01CC900ED4DB5 /* SplitCD.m */ = {isa = PBXFileReference; fileEncoding = 4; lastKnownFileType = sourcecode.c.objc; name = SplitCD.m; path = Models/SplitCD.m; sourceTree = "<group>"; };
		1EBE0F0214F01CC900ED4DB5 /* Swimmers.h */ = {isa = PBXFileReference; fileEncoding = 4; lastKnownFileType = sourcecode.c.h; name = Swimmers.h; path = Models/Swimmers.h; sourceTree = "<group>"; };
		1EBE0F0314F01CC900ED4DB5 /* Swimmers.m */ = {isa = PBXFileReference; fileEncoding = 4; lastKnownFileType = sourcecode.c.objc; name = Swimmers.m; path = Models/Swimmers.m; sourceTree = "<group>"; };
		1EBE0F0414F01CC900ED4DB5 /* Swimming.h */ = {isa = PBXFileReference; fileEncoding = 4; lastKnownFileType = sourcecode.c.h; name = Swimming.h; path = Models/Swimming.h; sourceTree = "<group>"; };
		1EBE0F0514F01CC900ED4DB5 /* Swimming.m */ = {isa = PBXFileReference; fileEncoding = 4; lastKnownFileType = sourcecode.c.objc; name = Swimming.m; path = Models/Swimming.m; sourceTree = "<group>"; };
		1EBE0F0614F01CC900ED4DB5 /* TimeStandard.h */ = {isa = PBXFileReference; fileEncoding = 4; lastKnownFileType = sourcecode.c.h; name = TimeStandard.h; path = Models/TimeStandard.h; sourceTree = "<group>"; };
		1EBE0F0714F01CC900ED4DB5 /* TimeStandard.m */ = {isa = PBXFileReference; fileEncoding = 4; lastKnownFileType = sourcecode.c.objc; name = TimeStandard.m; path = Models/TimeStandard.m; sourceTree = "<group>"; };
		1EBE0F0814F01CC900ED4DB5 /* TimeStandardUssScy.h */ = {isa = PBXFileReference; fileEncoding = 4; lastKnownFileType = sourcecode.c.h; name = TimeStandardUssScy.h; path = Models/TimeStandardUssScy.h; sourceTree = "<group>"; };
		1EBE0F0914F01CC900ED4DB5 /* TimeStandardUssScy.m */ = {isa = PBXFileReference; fileEncoding = 4; lastKnownFileType = sourcecode.c.objc; name = TimeStandardUssScy.m; path = Models/TimeStandardUssScy.m; sourceTree = "<group>"; };
		1EBE0F1614F0478300ED4DB5 /* AddMeetViewController.h */ = {isa = PBXFileReference; fileEncoding = 4; lastKnownFileType = sourcecode.c.h; path = AddMeetViewController.h; sourceTree = "<group>"; };
		1EBE0F1714F0478300ED4DB5 /* AddMeetViewController.m */ = {isa = PBXFileReference; fileEncoding = 4; lastKnownFileType = sourcecode.c.objc; path = AddMeetViewController.m; sourceTree = "<group>"; };
		1EBE0F1814F0478300ED4DB5 /* AddMeetViewController.xib */ = {isa = PBXFileReference; fileEncoding = 4; lastKnownFileType = file.xib; path = AddMeetViewController.xib; sourceTree = "<group>"; };
		1EC38DBB18353FD300918FA1 /* matthew_48.png */ = {isa = PBXFileReference; lastKnownFileType = image.png; name = matthew_48.png; path = images/matthew_48.png; sourceTree = SOURCE_ROOT; };
		1ECD4CB114E8479C00AEB935 /* water-splash-ipad-wallpaper-gray.png */ = {isa = PBXFileReference; lastKnownFileType = image.png; name = "water-splash-ipad-wallpaper-gray.png"; path = "images/water-splash-ipad-wallpaper-gray.png"; sourceTree = SOURCE_ROOT; };
		1ECD4CB414E9F15000AEB935 /* UnderWater-Portrait-iPhone.png */ = {isa = PBXFileReference; lastKnownFileType = image.png; name = "UnderWater-Portrait-iPhone.png"; path = "images/UnderWater-Portrait-iPhone.png"; sourceTree = SOURCE_ROOT; };
		1ECD4CB514E9F15000AEB935 /* UnderWater-Portrait-iPhone@2x.png */ = {isa = PBXFileReference; lastKnownFileType = image.png; name = "UnderWater-Portrait-iPhone@2x.png"; path = "images/UnderWater-Portrait-iPhone@2x.png"; sourceTree = SOURCE_ROOT; };
		1ED8168D14888142006268C2 /* iPhoneIcon_Small.png */ = {isa = PBXFileReference; lastKnownFileType = image.png; name = iPhoneIcon_Small.png; path = SimpleTimes/iPhoneIcon_Small.png; sourceTree = "<group>"; };
/* End PBXFileReference section */

/* Begin PBXFrameworksBuildPhase section */
		1EA2289514703E6C00283AD0 /* Frameworks */ = {
			isa = PBXFrameworksBuildPhase;
			buildActionMask = 2147483647;
			files = (
				1E27E4B514CBB27A001D4F5F /* QuartzCore.framework in Frameworks */,
				1E8AE75C14C1D71700E01C50 /* libz.dylib in Frameworks */,
				1E1FCD0F1487009500CD8316 /* CoreData.framework in Frameworks */,
				1EA228E4147054A000283AD0 /* MobileCoreServices.framework in Frameworks */,
				1EA228E21470549200283AD0 /* SystemConfiguration.framework in Frameworks */,
				1EA228E01470548200283AD0 /* CFNetwork.framework in Frameworks */,
				1EA2289D14703E6C00283AD0 /* UIKit.framework in Frameworks */,
				1EA2289F14703E6C00283AD0 /* Foundation.framework in Frameworks */,
				1EA228A114703E6C00283AD0 /* CoreGraphics.framework in Frameworks */,
			);
			runOnlyForDeploymentPostprocessing = 0;
		};
/* End PBXFrameworksBuildPhase section */

/* Begin PBXGroup section */
		1E27E4AD14CBB24C001D4F5F /* SVProgressHUD */ = {
			isa = PBXGroup;
			children = (
				1E4C5A1B14FBF5C1003FA4B6 /* SVProgressHUD.bundle */,
				1E4C5A1C14FBF5C1003FA4B6 /* SVProgressHUD.h */,
				1E4C5A1D14FBF5C1003FA4B6 /* SVProgressHUD.m */,
			);
			path = SVProgressHUD;
			sourceTree = "<group>";
		};
		1E6BF1B014D576C4006D428C /* iPad */ = {
			isa = PBXGroup;
			children = (
				1E5714C1183EF6F600899460 /* GetBirthdayViewController.h */,
				1E5714C2183EF6F600899460 /* GetBirthdayViewController.xib */,
				1E5714C3183EF6F600899460 /* GetBirthdayViewController.m */,
				1E6BF1B514D629E9006D428C /* DetailSwimmerViewController.h */,
				1E6BF1B614D629E9006D428C /* DetailSwimmerViewController.m */,
				1E6BF21C14DC2D76006D428C /* DetailSwimmerViewController.xib */,
				1E6BF1C914DA31DD006D428C /* EnterRaceResultController.h */,
				1E6BF1CA14DA31DD006D428C /* EnterRaceResultController.m */,
				1E6BF1CB14DA31DD006D428C /* EnterRaceResultController.xib */,
				1E6BF1C414D77D6C006D428C /* TopTimesViewController.h */,
				1E6BF1C514D77D6C006D428C /* TopTimesViewController.m */,
				1E6BF1C614D77D6C006D428C /* TopTimesViewController.xib */,
				1E6BF34614DD70A9006D428C /* AllTimesViewController.h */,
				1E6BF34714DD70AA006D428C /* AllTimesViewController.m */,
				1E6BF34814DD70AA006D428C /* AllTimesViewController.xib */,
				1E3A6E6014E5D117007F1760 /* SwimmerPickerController.h */,
				1E3A6E6114E5D118007F1760 /* SwimmerPickerController.m */,
				1E90731A15B0D08A00EAB0DE /* AddNewSwimmerViewController_iPad.xib */,
			);
			name = iPad;
			sourceTree = "<group>";
		};
		1E6BF1B414D582FD006D428C /* iPhone */ = {
			isa = PBXGroup;
			children = (
				1EA228AE14703E6C00283AD0 /* MainWindow.xib */,
				1EBE0F1614F0478300ED4DB5 /* AddMeetViewController.h */,
				1EBE0F1714F0478300ED4DB5 /* AddMeetViewController.m */,
				1EBE0F1814F0478300ED4DB5 /* AddMeetViewController.xib */,
				1E89ACE914ECB00500DA97D2 /* CutsViewController.h */,
				1E89ACEA14ECB00500DA97D2 /* CutsViewController.m */,
				1E8ABA1F14ED1F7E0096E096 /* CutsViewDataItem.h */,
				1E8ABA2014ED1F7E0096E096 /* CutsViewDataItem.m */,
				1EB1937714F1517500F2CDED /* EnterRaceResultsiPhoneViewController.h */,
				1EB1937814F1517500F2CDED /* EnterRaceResultsiPhoneViewController.m */,
				1EB1937914F1517500F2CDED /* EnterRaceResultsiPhoneViewController.xib */,
				1E8ABA1B14ED1B450096E096 /* RecentRacesViewController.h */,
				1E8ABA1C14ED1B450096E096 /* RecentRacesViewController.m */,
				1EA228B114703E6C00283AD0 /* RootViewController.h */,
				1EA228B214703E6C00283AD0 /* RootViewController.m */,
				1EA228B414703E6C00283AD0 /* RootViewController.xib */,
				1E856D7514F840C200B08181 /* SplitsViewController.h */,
				1E856D7614F840C200B08181 /* SplitsViewController.m */,
				1E856D7714F840C200B08181 /* SplitsViewController.xib */,
			);
			name = iPhone;
			sourceTree = "<group>";
		};
		1E6BF1D114DB89C9006D428C /* images */ = {
			isa = PBXGroup;
			children = (
				1EC38DBB18353FD300918FA1 /* matthew_48.png */,
				1ECD4CB414E9F15000AEB935 /* UnderWater-Portrait-iPhone.png */,
				1ECD4CB514E9F15000AEB935 /* UnderWater-Portrait-iPhone@2x.png */,
				1ECD4CB114E8479C00AEB935 /* water-splash-ipad-wallpaper-gray.png */,
				1E3A6E6314E5F354007F1760 /* man_24.png */,
				1E3A6E5E14E5C109007F1760 /* water-splash-ipad-wallpaper-35.png */,
				1E3A6E5C14E5C008007F1760 /* water-splash-ipad-wallpaper-50.png */,
				1E3A6E5614E43B05007F1760 /* clock_24.png */,
				1E6BF34414DD6F57006D428C /* calendar_24.png */,
				1E6BF27E14DC45BC006D428C /* UnderWater-Portrait-50.png */,
				1E6BF1D614DB8BC1006D428C /* star_24.png */,
				1E6BF1D414DB8A9D006D428C /* plus_24.png */,
				1E6BF1BF14D71E44006D428C /* UnderWater-Portrait.png */,
				1E6BF1A914D4EE8B006D428C /* reload_v2@2x.png */,
				1E6BF1A514D4EA22006D428C /* reload_v2.png */,
			);
			name = images;
			path = SimpleTimes;
			sourceTree = "<group>";
		};
		1EA2288D14703E6C00283AD0 = {
			isa = PBXGroup;
			children = (
				1E2DE6B1182C715800345A97 /* README.md */,
				1E7D49DC16A5616D00D3D3E7 /* Default-568h@2x.png */,
				1E27E4B414CBB27A001D4F5F /* QuartzCore.framework */,
				1E8AE75B14C1D71700E01C50 /* libz.dylib */,
				1ED8168D14888142006268C2 /* iPhoneIcon_Small.png */,
				1E1FCD0E1487009400CD8316 /* CoreData.framework */,
				1E6BF1D114DB89C9006D428C /* images */,
				1E27E4AD14CBB24C001D4F5F /* SVProgressHUD */,
				1EA228E3147054A000283AD0 /* MobileCoreServices.framework */,
				1EA228E11470549200283AD0 /* SystemConfiguration.framework */,
				1EA228DF1470548200283AD0 /* CFNetwork.framework */,
				1EA228BF1470534300283AD0 /* ASIHTTPRequest */,
				1EA228F414759DB300283AD0 /* Models */,
				1EA228A214703E6C00283AD0 /* SimpleTimes */,
				1EA2289B14703E6C00283AD0 /* Frameworks */,
				1EA2289914703E6C00283AD0 /* Products */,
			);
			sourceTree = "<group>";
		};
		1EA2289914703E6C00283AD0 /* Products */ = {
			isa = PBXGroup;
			children = (
				1EA2289814703E6C00283AD0 /* SimpleTimes.app */,
			);
			name = Products;
			sourceTree = "<group>";
		};
		1EA2289B14703E6C00283AD0 /* Frameworks */ = {
			isa = PBXGroup;
			children = (
				1EA2289C14703E6C00283AD0 /* UIKit.framework */,
				1EA2289E14703E6C00283AD0 /* Foundation.framework */,
				1EA228A014703E6C00283AD0 /* CoreGraphics.framework */,
				1E8F7D7814C9E8D20054486E /* SenTestingKit.framework */,
			);
			name = Frameworks;
			sourceTree = "<group>";
		};
		1EA228A214703E6C00283AD0 /* SimpleTimes */ = {
			isa = PBXGroup;
			children = (
				1E6BF1B414D582FD006D428C /* iPhone */,
				1E6BF1B014D576C4006D428C /* iPad */,
				1EA228EB14706C7500283AD0 /* ROHTMLTable.h */,
				1EA228EC14706C7500283AD0 /* ROHTMLTable.m */,
				1EA228AB14703E6C00283AD0 /* SimpleTimesAppDelegate.h */,
				1EA228AC14703E6C00283AD0 /* SimpleTimesAppDelegate.m */,
				1E6BF19E14D48802006D428C /* Storyboard_iPad.storyboard */,
				1E6BF1A114D49615006D428C /* Storyboard_iPhone.storyboard */,
				1E71FCAC14CB21E80036D12B /* TODO.txt */,
				1E1FCCFE1480009B00CD8316 /* AddSwimmerViewController.h */,
				1E1FCCFF1480009C00CD8316 /* AddSwimmerViewController.m */,
				1E1FCD001480009C00CD8316 /* AddSwimmerViewController.xib */,
				1EA228EA1470555F00283AD0 /* DataProviders */,
				1EA228A314703E6C00283AD0 /* Supporting Files */,
			);
			path = SimpleTimes;
			sourceTree = "<group>";
		};
		1EA228A314703E6C00283AD0 /* Supporting Files */ = {
			isa = PBXGroup;
			children = (
				1EA228A414703E6C00283AD0 /* SimpleTimes-Info.plist */,
				1EA228A514703E6C00283AD0 /* InfoPlist.strings */,
				1EA228A814703E6C00283AD0 /* SimpleTimes-Prefix.pch */,
				1EA228A914703E6C00283AD0 /* main.m */,
			);
			name = "Supporting Files";
			sourceTree = "<group>";
		};
		1EA228BF1470534300283AD0 /* ASIHTTPRequest */ = {
			isa = PBXGroup;
			children = (
				1EA228C0147053B400283AD0 /* Reachability.m */,
				1EA228C1147053B400283AD0 /* Reachability.h */,
				1EA228C2147053B400283AD0 /* ASIProgressDelegate.h */,
				1EA228C3147053B400283AD0 /* ASINetworkQueue.m */,
				1EA228C4147053B400283AD0 /* ASINetworkQueue.h */,
				1EA228C5147053B400283AD0 /* ASIInputStream.m */,
				1EA228C6147053B400283AD0 /* ASIInputStream.h */,
				1EA228C7147053B400283AD0 /* ASIHTTPRequestDelegate.h */,
				1EA228C8147053B400283AD0 /* ASIHTTPRequestConfig.h */,
				1EA228C9147053B400283AD0 /* ASIHTTPRequest.m */,
				1EA228CA147053B400283AD0 /* ASIHTTPRequest.h */,
				1EA228CB147053B400283AD0 /* ASIFormDataRequest.m */,
				1EA228CC147053B400283AD0 /* ASIFormDataRequest.h */,
				1EA228CD147053B400283AD0 /* ASIDownloadCache.m */,
				1EA228CE147053B400283AD0 /* ASIDownloadCache.h */,
				1EA228CF147053B400283AD0 /* ASIDataDecompressor.m */,
				1EA228D0147053B400283AD0 /* ASIDataDecompressor.h */,
				1EA228D1147053B400283AD0 /* ASIDataCompressor.m */,
				1EA228D2147053B400283AD0 /* ASIDataCompressor.h */,
				1EA228D3147053B400283AD0 /* ASICacheDelegate.h */,
				1EA228D4147053B400283AD0 /* ASIAuthenticationDialog.m */,
				1EA228D5147053B400283AD0 /* ASIAuthenticationDialog.h */,
			);
			name = ASIHTTPRequest;
			sourceTree = "<group>";
		};
		1EA228EA1470555F00283AD0 /* DataProviders */ = {
			isa = PBXGroup;
			children = (
				1E27E4B614CC43F7001D4F5F /* DownloadTimesMI.h */,
				1E27E4B714CC43F7001D4F5F /* DownloadTimesMI.m */,
				1EA228EE1474293E00283AD0 /* USASwimmingDBProxy.h */,
				1EA228EF1474293E00283AD0 /* USASwimmingDBProxy.m */,
				1EA228E71470555600283AD0 /* TeamManagerDBProxy.h */,
				1EA228E81470555600283AD0 /* TeamManagerDBProxy.m */,
			);
			name = DataProviders;
			sourceTree = "<group>";
		};
		1EA228F414759DB300283AD0 /* Models */ = {
			isa = PBXGroup;
			children = (
				1E5714BE183EF69200899460 /* AddSwimmerResult.m */,
				1E5714BF183EF69200899460 /* AddSwimmerResult.h */,
				1EBE0EF814F01CC900ED4DB5 /* AthleteCD.h */,
				1EBE0EF914F01CC900ED4DB5 /* AthleteCD.m */,
				1EBE0EFA14F01CC900ED4DB5 /* RaceResult.h */,
				1EBE0EFB14F01CC900ED4DB5 /* RaceResult.m */,
				1EBE0EFC14F01CC900ED4DB5 /* RaceResultTeamManager.h */,
				1EBE0EFD14F01CC900ED4DB5 /* RaceResultTeamManager.m */,
				1EBE0EFE14F01CC900ED4DB5 /* Split.h */,
				1EBE0EFF14F01CC900ED4DB5 /* Split.m */,
				1EBE0F0014F01CC900ED4DB5 /* SplitCD.h */,
				1EBE0F0114F01CC900ED4DB5 /* SplitCD.m */,
				1EBE0F0214F01CC900ED4DB5 /* Swimmers.h */,
				1EBE0F0314F01CC900ED4DB5 /* Swimmers.m */,
				1EBE0F0414F01CC900ED4DB5 /* Swimming.h */,
				1EBE0F0514F01CC900ED4DB5 /* Swimming.m */,
				1EBE0F0614F01CC900ED4DB5 /* TimeStandard.h */,
				1EBE0F0714F01CC900ED4DB5 /* TimeStandard.m */,
				1EBE0F0814F01CC900ED4DB5 /* TimeStandardUssScy.h */,
				1EBE0F0914F01CC900ED4DB5 /* TimeStandardUssScy.m */,
				1E1FCD101487010600CD8316 /* SimpleSwimModel.xcdatamodeld */,
			);
			name = Models;
			sourceTree = "<group>";
		};
/* End PBXGroup section */

/* Begin PBXNativeTarget section */
		1EA2289714703E6C00283AD0 /* SimpleTimes */ = {
			isa = PBXNativeTarget;
			buildConfigurationList = 1EA228B914703E6C00283AD0 /* Build configuration list for PBXNativeTarget "SimpleTimes" */;
			buildPhases = (
				1EA2289414703E6C00283AD0 /* Sources */,
				1EA2289514703E6C00283AD0 /* Frameworks */,
				1EA2289614703E6C00283AD0 /* Resources */,
				1ED8168C14886FAF006268C2 /* ShellScript */,
			);
			buildRules = (
			);
			dependencies = (
			);
			name = SimpleTimes;
			productName = SimpleTimes;
			productReference = 1EA2289814703E6C00283AD0 /* SimpleTimes.app */;
			productType = "com.apple.product-type.application";
		};
/* End PBXNativeTarget section */

/* Begin PBXProject section */
		1EA2288F14703E6C00283AD0 /* Project object */ = {
			isa = PBXProject;
			attributes = {
				LastUpgradeCheck = 0420;
				TargetAttributes = {
					1EA2289714703E6C00283AD0 = {
						DevelopmentTeam = UGMPZ45TST;
					};
				};
			};
			buildConfigurationList = 1EA2289214703E6C00283AD0 /* Build configuration list for PBXProject "SimpleTimes" */;
			compatibilityVersion = "Xcode 3.2";
			developmentRegion = English;
			hasScannedForEncodings = 0;
			knownRegions = (
				en,
			);
			mainGroup = 1EA2288D14703E6C00283AD0;
			productRefGroup = 1EA2289914703E6C00283AD0 /* Products */;
			projectDirPath = "";
			projectRoot = "";
			targets = (
				1EA2289714703E6C00283AD0 /* SimpleTimes */,
			);
		};
/* End PBXProject section */

/* Begin PBXResourcesBuildPhase section */
		1EA2289614703E6C00283AD0 /* Resources */ = {
			isa = PBXResourcesBuildPhase;
			buildActionMask = 2147483647;
			files = (
				1EA228A714703E6C00283AD0 /* InfoPlist.strings in Resources */,
				1EA228B014703E6C00283AD0 /* MainWindow.xib in Resources */,
				1EA228B614703E6C00283AD0 /* RootViewController.xib in Resources */,
				1E1FCD021480009C00CD8316 /* AddSwimmerViewController.xib in Resources */,
				1ED8168E14888142006268C2 /* iPhoneIcon_Small.png in Resources */,
				1E71FCAD14CB21E80036D12B /* TODO.txt in Resources */,
				1E6BF19F14D48802006D428C /* Storyboard_iPad.storyboard in Resources */,
				1EC38DBC18353FD300918FA1 /* matthew_48.png in Resources */,
				1E6BF1A214D49615006D428C /* Storyboard_iPhone.storyboard in Resources */,
				1E6BF1A614D4EA22006D428C /* reload_v2.png in Resources */,
				1E6BF1AA14D4EE8B006D428C /* reload_v2@2x.png in Resources */,
				1E6BF1C014D71E44006D428C /* UnderWater-Portrait.png in Resources */,
				1E6BF1C814D77D6C006D428C /* TopTimesViewController.xib in Resources */,
				1E6BF1CD14DA31DE006D428C /* EnterRaceResultController.xib in Resources */,
				1E6BF1D514DB8A9D006D428C /* plus_24.png in Resources */,
				1E6BF1D714DB8BC1006D428C /* star_24.png in Resources */,
				1E6BF21E14DC2D76006D428C /* DetailSwimmerViewController.xib in Resources */,
				1E6BF27F14DC45BC006D428C /* UnderWater-Portrait-50.png in Resources */,
				1E6BF34514DD6F57006D428C /* calendar_24.png in Resources */,
				1E6BF34A14DD70AB006D428C /* AllTimesViewController.xib in Resources */,
				1E3A6E5714E43B05007F1760 /* clock_24.png in Resources */,
				1E3A6E5D14E5C008007F1760 /* water-splash-ipad-wallpaper-50.png in Resources */,
				1E3A6E5F14E5C109007F1760 /* water-splash-ipad-wallpaper-35.png in Resources */,
				1E3A6E6414E5F354007F1760 /* man_24.png in Resources */,
				1ECD4CB214E8479C00AEB935 /* water-splash-ipad-wallpaper-gray.png in Resources */,
				1ECD4CB614E9F15000AEB935 /* UnderWater-Portrait-iPhone.png in Resources */,
				1ECD4CB714E9F15000AEB935 /* UnderWater-Portrait-iPhone@2x.png in Resources */,
				1EBE0F1A14F0478300ED4DB5 /* AddMeetViewController.xib in Resources */,
				1E2DE6B2182C715800345A97 /* README.md in Resources */,
				1EB1937B14F1517500F2CDED /* EnterRaceResultsiPhoneViewController.xib in Resources */,
				1E856D7914F840C200B08181 /* SplitsViewController.xib in Resources */,
				1E4C5A1E14FBF5C1003FA4B6 /* SVProgressHUD.bundle in Resources */,
				1E5714C4183EF6F600899460 /* GetBirthdayViewController.xib in Resources */,
				1E90731B15B0D08A00EAB0DE /* AddNewSwimmerViewController_iPad.xib in Resources */,
				1E7D49DD16A5616E00D3D3E7 /* Default-568h@2x.png in Resources */,
			);
			runOnlyForDeploymentPostprocessing = 0;
		};
/* End PBXResourcesBuildPhase section */

/* Begin PBXShellScriptBuildPhase section */
		1ED8168C14886FAF006268C2 /* ShellScript */ = {
			isa = PBXShellScriptBuildPhase;
			buildActionMask = 2147483647;
			files = (
			);
			inputPaths = (
			);
			outputPaths = (
			);
			runOnlyForDeploymentPostprocessing = 0;
			shellPath = /bin/sh;
			shellScript = "";
		};
/* End PBXShellScriptBuildPhase section */

/* Begin PBXSourcesBuildPhase section */
		1EA2289414703E6C00283AD0 /* Sources */ = {
			isa = PBXSourcesBuildPhase;
			buildActionMask = 2147483647;
			files = (
				1EA228AA14703E6C00283AD0 /* main.m in Sources */,
				1EA228AD14703E6C00283AD0 /* SimpleTimesAppDelegate.m in Sources */,
				1EA228B314703E6C00283AD0 /* RootViewController.m in Sources */,
				1EA228D6147053B400283AD0 /* Reachability.m in Sources */,
				1EA228D7147053B400283AD0 /* ASINetworkQueue.m in Sources */,
				1E5714C5183EF6F600899460 /* GetBirthdayViewController.m in Sources */,
				1EA228D8147053B400283AD0 /* ASIInputStream.m in Sources */,
				1EA228D9147053B400283AD0 /* ASIHTTPRequest.m in Sources */,
				1EA228DA147053B400283AD0 /* ASIFormDataRequest.m in Sources */,
				1EA228DB147053B400283AD0 /* ASIDownloadCache.m in Sources */,
				1EA228DC147053B400283AD0 /* ASIDataDecompressor.m in Sources */,
				1EA228DD147053B400283AD0 /* ASIDataCompressor.m in Sources */,
				1EA228DE147053B400283AD0 /* ASIAuthenticationDialog.m in Sources */,
				1E5714C0183EF69200899460 /* AddSwimmerResult.m in Sources */,
				1EA228E91470555600283AD0 /* TeamManagerDBProxy.m in Sources */,
				1EA228ED14706C7500283AD0 /* ROHTMLTable.m in Sources */,
				1EA228F01474293E00283AD0 /* USASwimmingDBProxy.m in Sources */,
				1E1FCD011480009C00CD8316 /* AddSwimmerViewController.m in Sources */,
				1E1FCD121487010600CD8316 /* SimpleSwimModel.xcdatamodeld in Sources */,
				1E27E4B814CC43F7001D4F5F /* DownloadTimesMI.m in Sources */,
				1E6BF1B814D629E9006D428C /* DetailSwimmerViewController.m in Sources */,
				1E6BF1C714D77D6C006D428C /* TopTimesViewController.m in Sources */,
				1E6BF1CC14DA31DE006D428C /* EnterRaceResultController.m in Sources */,
				1E6BF34914DD70AB006D428C /* AllTimesViewController.m in Sources */,
				1E3A6E6214E5D119007F1760 /* SwimmerPickerController.m in Sources */,
				1E89ACEB14ECB00500DA97D2 /* CutsViewController.m in Sources */,
				1E8ABA1D14ED1B450096E096 /* RecentRacesViewController.m in Sources */,
				1E8ABA2114ED1F7E0096E096 /* CutsViewDataItem.m in Sources */,
				1EBE0F0A14F01CC900ED4DB5 /* AthleteCD.m in Sources */,
				1EBE0F0B14F01CC900ED4DB5 /* RaceResult.m in Sources */,
				1EBE0F0C14F01CC900ED4DB5 /* RaceResultTeamManager.m in Sources */,
				1EBE0F0D14F01CC900ED4DB5 /* Split.m in Sources */,
				1EBE0F0E14F01CC900ED4DB5 /* SplitCD.m in Sources */,
				1EBE0F0F14F01CC900ED4DB5 /* Swimmers.m in Sources */,
				1EBE0F1014F01CC900ED4DB5 /* Swimming.m in Sources */,
				1EBE0F1114F01CC900ED4DB5 /* TimeStandard.m in Sources */,
				1EBE0F1214F01CC900ED4DB5 /* TimeStandardUssScy.m in Sources */,
				1EBE0F1914F0478300ED4DB5 /* AddMeetViewController.m in Sources */,
				1EB1937A14F1517500F2CDED /* EnterRaceResultsiPhoneViewController.m in Sources */,
				1E856D7814F840C200B08181 /* SplitsViewController.m in Sources */,
				1E4C5A1F14FBF5C1003FA4B6 /* SVProgressHUD.m in Sources */,
			);
			runOnlyForDeploymentPostprocessing = 0;
		};
/* End PBXSourcesBuildPhase section */

/* Begin PBXVariantGroup section */
		1EA228A514703E6C00283AD0 /* InfoPlist.strings */ = {
			isa = PBXVariantGroup;
			children = (
				1EA228A614703E6C00283AD0 /* en */,
			);
			name = InfoPlist.strings;
			sourceTree = "<group>";
		};
		1EA228AE14703E6C00283AD0 /* MainWindow.xib */ = {
			isa = PBXVariantGroup;
			children = (
				1EA228AF14703E6C00283AD0 /* en */,
			);
			name = MainWindow.xib;
			sourceTree = "<group>";
		};
		1EA228B414703E6C00283AD0 /* RootViewController.xib */ = {
			isa = PBXVariantGroup;
			children = (
				1EA228B514703E6C00283AD0 /* en */,
			);
			name = RootViewController.xib;
			sourceTree = "<group>";
		};
/* End PBXVariantGroup section */

/* Begin XCBuildConfiguration section */
		1EA228B714703E6C00283AD0 /* Debug */ = {
			isa = XCBuildConfiguration;
			buildSettings = {
				ARCHS = armv6;
				CODE_SIGN_IDENTITY = "iPhone Developer: David LaPorte (CKAA45DV4H)";
				"CODE_SIGN_IDENTITY[sdk=iphoneos*]" = "iPhone Developer";
				GCC_C_LANGUAGE_STANDARD = gnu99;
				GCC_OPTIMIZATION_LEVEL = 0;
				GCC_PREPROCESSOR_DEFINITIONS = DEBUG;
				GCC_SYMBOLS_PRIVATE_EXTERN = NO;
				GCC_VERSION = com.apple.compilers.llvmgcc42;
				GCC_WARN_ABOUT_RETURN_TYPE = YES;
				GCC_WARN_UNUSED_VARIABLE = YES;
				HEADER_SEARCH_PATHS = "";
				"HEADER_SEARCH_PATHS[arch=*]" = (
					./SVProgressHUD/SVProgressHUD,
					../Dataproviders,
				);
				IPHONEOS_DEPLOYMENT_TARGET = 5.1;
				SDKROOT = iphoneos;
			};
			name = Debug;
		};
		1EA228B814703E6C00283AD0 /* Release */ = {
			isa = XCBuildConfiguration;
			buildSettings = {
				ARCHS = armv6;
				CODE_SIGN_IDENTITY = "iPhone Developer: David LaPorte (CKAA45DV4H)";
				"CODE_SIGN_IDENTITY[sdk=iphoneos*]" = "iPhone Developer";
				GCC_C_LANGUAGE_STANDARD = gnu99;
				GCC_VERSION = com.apple.compilers.llvmgcc42;
				GCC_WARN_ABOUT_RETURN_TYPE = YES;
				GCC_WARN_UNUSED_VARIABLE = YES;
				HEADER_SEARCH_PATHS = "";
				"HEADER_SEARCH_PATHS[arch=*]" = (
					./SVProgressHUD/SVProgressHUD,
					../Dataproviders,
				);
				IPHONEOS_DEPLOYMENT_TARGET = 5.1;
				OTHER_CFLAGS = "-DNS_BLOCK_ASSERTIONS=1";
				SDKROOT = iphoneos;
			};
			name = Release;
		};
		1EA228BA14703E6C00283AD0 /* Debug */ = {
			isa = XCBuildConfiguration;
			buildSettings = {
				ALWAYS_SEARCH_USER_PATHS = NO;
				ARCHS = (
					armv6,
					armv7,
				);
				CODE_SIGN_IDENTITY = "iPhone Developer";
				"CODE_SIGN_IDENTITY[sdk=iphoneos*]" = "iPhone Developer";
				COPY_PHASE_STRIP = NO;
				GCC_DYNAMIC_NO_PIC = NO;
				GCC_PRECOMPILE_PREFIX_HEADER = YES;
				GCC_PREFIX_HEADER = "SimpleTimes/SimpleTimes-Prefix.pch";
				GCC_VERSION = com.apple.compilers.llvm.clang.1_0;
				INFOPLIST_FILE = "SimpleTimes/SimpleTimes-Info.plist";
				IPHONEOS_DEPLOYMENT_TARGET = 5.0;
				PRODUCT_NAME = "$(TARGET_NAME)";
				PROVISIONING_PROFILE = "";
				SDKROOT = iphoneos4.3;
				TARGETED_DEVICE_FAMILY = "1,2";
				WRAPPER_EXTENSION = app;
			};
			name = Debug;
		};
		1EA228BB14703E6C00283AD0 /* Release */ = {
			isa = XCBuildConfiguration;
			buildSettings = {
				ALWAYS_SEARCH_USER_PATHS = NO;
				ARCHS = (
					armv7,
					armv6,
				);
				CODE_SIGN_IDENTITY = "iPhone Developer";
				"CODE_SIGN_IDENTITY[sdk=iphoneos*]" = "iPhone Developer";
				COPY_PHASE_STRIP = YES;
				GCC_PRECOMPILE_PREFIX_HEADER = YES;
				GCC_PREFIX_HEADER = "SimpleTimes/SimpleTimes-Prefix.pch";
				GCC_VERSION = com.apple.compilers.llvm.clang.1_0;
				INFOPLIST_FILE = "SimpleTimes/SimpleTimes-Info.plist";
				IPHONEOS_DEPLOYMENT_TARGET = 5.0;
				PRODUCT_NAME = "$(TARGET_NAME)";
				PROVISIONING_PROFILE = "";
				SDKROOT = iphoneos4.3;
				TARGETED_DEVICE_FAMILY = "1,2";
				VALIDATE_PRODUCT = YES;
				WRAPPER_EXTENSION = app;
			};
			name = Release;
		};
/* End XCBuildConfiguration section */

/* Begin XCConfigurationList section */
		1EA2289214703E6C00283AD0 /* Build configuration list for PBXProject "SimpleTimes" */ = {
			isa = XCConfigurationList;
			buildConfigurations = (
				1EA228B714703E6C00283AD0 /* Debug */,
				1EA228B814703E6C00283AD0 /* Release */,
			);
			defaultConfigurationIsVisible = 0;
			defaultConfigurationName = Release;
		};
		1EA228B914703E6C00283AD0 /* Build configuration list for PBXNativeTarget "SimpleTimes" */ = {
			isa = XCConfigurationList;
			buildConfigurations = (
				1EA228BA14703E6C00283AD0 /* Debug */,
				1EA228BB14703E6C00283AD0 /* Release */,
			);
			defaultConfigurationIsVisible = 0;
			defaultConfigurationName = Release;
		};
/* End XCConfigurationList section */

/* Begin XCVersionGroup section */
		1E1FCD101487010600CD8316 /* SimpleSwimModel.xcdatamodeld */ = {
			isa = XCVersionGroup;
			children = (
				1E3A6E5814E5919C007F1760 /* SimpleSwimModel 2.xcdatamodel */,
				1E1FCD111487010600CD8316 /* SimpleSwimModel.xcdatamodel */,
			);
			currentVersion = 1E1FCD111487010600CD8316 /* SimpleSwimModel.xcdatamodel */;
			path = SimpleSwimModel.xcdatamodeld;
			sourceTree = "<group>";
			versionGroupType = wrapper.xcdatamodel;
		};
/* End XCVersionGroup section */
	};
	rootObject = 1EA2288F14703E6C00283AD0 /* Project object */;
}
